
Microsoft Visual Studio Solution File, Format Version 12.00
# Visual Studio 15
VisualStudioVersion = 15.0.28307.168
MinimumVisualStudioVersion = 10.0.40219.1
Project("{8BC9CEB8-8B4A-11D0-8D11-00A0C91BC942}") = "Complex", "Complex\Complex.vcxproj", "{7E9E3188-3720-4E56-A508-1ABE021C30AA}"
EndProject
Project("{8BC9CEB8-8B4A-11D0-8D11-00A0C91BC942}") = "Complex_test", "Complex_test\Complex_test.vcxproj", "{9D41E5BF-5964-4EB1-85F3-710DACB0F0BD}"
	ProjectSection(ProjectDependencies) = postProject
		{7E9E3188-3720-4E56-A508-1ABE021C30AA} = {7E9E3188-3720-4E56-A508-1ABE021C30AA}
	EndProjectSection
EndProject
Global
	GlobalSection(SolutionConfigurationPlatforms) = preSolution
		Debug|x64 = Debug|x64
		Debug|x86 = Debug|x86
		Release|x64 = Release|x64
		Release|x86 = Release|x86
	EndGlobalSection
	GlobalSection(ProjectConfigurationPlatforms) = postSolution
		{7E9E3188-3720-4E56-A508-1ABE021C30AA}.Debug|x64.ActiveCfg = Debug|x64
		{7E9E3188-3720-4E56-A508-1ABE021C30AA}.Debug|x64.Build.0 = Debug|x64
		{7E9E3188-3720-4E56-A508-1ABE021C30AA}.Debug|x86.ActiveCfg = Debug|Win32
		{7E9E3188-3720-4E56-A508-1ABE021C30AA}.Debug|x86.Build.0 = Debug|Win32
		{7E9E3188-3720-4E56-A508-1ABE021C30AA}.Release|x64.ActiveCfg = Release|x64
		{7E9E3188-3720-4E56-A508-1ABE021C30AA}.Release|x64.Build.0 = Release|x64
		{7E9E3188-3720-4E56-A508-1ABE021C30AA}.Release|x86.ActiveCfg = Release|Win32
		{7E9E3188-3720-4E56-A508-1ABE021C30AA}.Release|x86.Build.0 = Release|Win32
		{9D41E5BF-5964-4EB1-85F3-710DACB0F0BD}.Debug|x64.ActiveCfg = Debug|x64
		{9D41E5BF-5964-4EB1-85F3-710DACB0F0BD}.Debug|x64.Build.0 = Debug|x64
		{9D41E5BF-5964-4EB1-85F3-710DACB0F0BD}.Debug|x86.ActiveCfg = Debug|Win32
		{9D41E5BF-5964-4EB1-85F3-710DACB0F0BD}.Debug|x86.Build.0 = Debug|Win32
		{9D41E5BF-5964-4EB1-85F3-710DACB0F0BD}.Release|x64.ActiveCfg = Release|x64
		{9D41E5BF-5964-4EB1-85F3-710DACB0F0BD}.Release|x64.Build.0 = Release|x64
		{9D41E5BF-5964-4EB1-85F3-710DACB0F0BD}.Release|x86.ActiveCfg = Release|Win32
		{9D41E5BF-5964-4EB1-85F3-710DACB0F0BD}.Release|x86.Build.0 = Release|Win32
	EndGlobalSection
	GlobalSection(SolutionProperties) = preSolution
		HideSolutionNode = FALSE
	EndGlobalSection
	GlobalSection(ExtensibilityGlobals) = postSolution
		SolutionGuid = {4C9B54C4-5676-47BA-AA80-178C84A30AD1}
	EndGlobalSection
EndGlobal
